// !$*UTF8*$!
{
	archiveVersion = 1;
	classes = {
	};
	objectVersion = 55;
	objects = {

/* Begin PBXBuildFile section */
		E6091FC52894FE2E00ADD99D /* LandmarksApp.swift in Sources */ = {isa = PBXBuildFile; fileRef = E6091FC42894FE2E00ADD99D /* LandmarksApp.swift */; };
		E6091FC72894FE2E00ADD99D /* ContentView.swift in Sources */ = {isa = PBXBuildFile; fileRef = E6091FC62894FE2E00ADD99D /* ContentView.swift */; };
		E6091FC92894FE3200ADD99D /* Assets.xcassets in Resources */ = {isa = PBXBuildFile; fileRef = E6091FC82894FE3200ADD99D /* Assets.xcassets */; };
		E6091FCC2894FE3200ADD99D /* Preview Assets.xcassets in Resources */ = {isa = PBXBuildFile; fileRef = E6091FCB2894FE3200ADD99D /* Preview Assets.xcassets */; };
		E6091FF02895072F00ADD99D /* landmarkData.json in Resources */ = {isa = PBXBuildFile; fileRef = E6091FEF2895072F00ADD99D /* landmarkData.json */; };
		E6091FF32895079C00ADD99D /* CircleImage.swift in Sources */ = {isa = PBXBuildFile; fileRef = E6091FF22895079C00ADD99D /* CircleImage.swift */; };
		E6091FF5289508A000ADD99D /* MapView.swift in Sources */ = {isa = PBXBuildFile; fileRef = E6091FF4289508A000ADD99D /* MapView.swift */; };
		E6091FF728950EA100ADD99D /* Landmark.swift in Sources */ = {isa = PBXBuildFile; fileRef = E6091FF628950EA100ADD99D /* Landmark.swift */; };
		E6091FF928950F1700ADD99D /* Coordinates.swift in Sources */ = {isa = PBXBuildFile; fileRef = E6091FF828950F1700ADD99D /* Coordinates.swift */; };
		E6091FFB2895102000ADD99D /* ModelData.swift in Sources */ = {isa = PBXBuildFile; fileRef = E6091FFA2895102000ADD99D /* ModelData.swift */; };
		E6091FFD289660CB00ADD99D /* LandmarkRow.swift in Sources */ = {isa = PBXBuildFile; fileRef = E6091FFC289660CB00ADD99D /* LandmarkRow.swift */; };
		E6091FFF2896625E00ADD99D /* LandmarkList.swift in Sources */ = {isa = PBXBuildFile; fileRef = E6091FFE2896625E00ADD99D /* LandmarkList.swift */; };
		E60920012896632A00ADD99D /* LandmarkDetail.swift in Sources */ = {isa = PBXBuildFile; fileRef = E60920002896632A00ADD99D /* LandmarkDetail.swift */; };
		E60920032896BFD300ADD99D /* FavoriteButton.swift in Sources */ = {isa = PBXBuildFile; fileRef = E60920022896BFD300ADD99D /* FavoriteButton.swift */; };
		E6100B6828A378BE00EF450C /* Landmark.swift in Sources */ = {isa = PBXBuildFile; fileRef = E6091FF628950EA100ADD99D /* Landmark.swift */; };
		E6100B6928A378BE00EF450C /* MapView.swift in Sources */ = {isa = PBXBuildFile; fileRef = E6091FF4289508A000ADD99D /* MapView.swift */; };
		E6100B6A28A378BE00EF450C /* landmarkData.json in Resources */ = {isa = PBXBuildFile; fileRef = E6091FEF2895072F00ADD99D /* landmarkData.json */; };
		E6100B6B28A378BE00EF450C /* ModelData.swift in Sources */ = {isa = PBXBuildFile; fileRef = E6091FFA2895102000ADD99D /* ModelData.swift */; };
		E6100B6C28A378BE00EF450C /* Coordinates.swift in Sources */ = {isa = PBXBuildFile; fileRef = E6091FF828950F1700ADD99D /* Coordinates.swift */; };
		E6100B6D28A378BE00EF450C /* hikeData.json in Resources */ = {isa = PBXBuildFile; fileRef = E62B0FD12898D6BA00054CD7 /* hikeData.json */; };
		E6100B6E28A378BE00EF450C /* LandmarksApp.swift in Sources */ = {isa = PBXBuildFile; fileRef = E6091FC42894FE2E00ADD99D /* LandmarksApp.swift */; };
		E6100B6F28A378BE00EF450C /* LandmarkRow.swift in Sources */ = {isa = PBXBuildFile; fileRef = E6091FFC289660CB00ADD99D /* LandmarkRow.swift */; };
		E6100B7128A378BE00EF450C /* Assets.xcassets in Resources */ = {isa = PBXBuildFile; fileRef = E6091FC82894FE3200ADD99D /* Assets.xcassets */; };
		E6100B7228A378BE00EF450C /* Profile.swift in Sources */ = {isa = PBXBuildFile; fileRef = E62B1005289B974A00054CD7 /* Profile.swift */; };
		E6100B7328A378BE00EF450C /* Hike.swift in Sources */ = {isa = PBXBuildFile; fileRef = E62B0FD32898D75500054CD7 /* Hike.swift */; };
		E6100B7428A378BE00EF450C /* CircleImage.swift in Sources */ = {isa = PBXBuildFile; fileRef = E6091FF22895079C00ADD99D /* CircleImage.swift */; };
		E6100B7628A3794400EF450C /* FavoriteButton.swift in Sources */ = {isa = PBXBuildFile; fileRef = E60920022896BFD300ADD99D /* FavoriteButton.swift */; };
		E6100B7828A3798700EF450C /* LandmarkDetail.swift in Sources */ = {isa = PBXBuildFile; fileRef = E6100B7728A3798700EF450C /* LandmarkDetail.swift */; };
		E62B0FD02898D0B000054CD7 /* Badge.swift in Sources */ = {isa = PBXBuildFile; fileRef = E62B0FCF2898D0B000054CD7 /* Badge.swift */; };
		E62B0FD22898D6BA00054CD7 /* hikeData.json in Resources */ = {isa = PBXBuildFile; fileRef = E62B0FD12898D6BA00054CD7 /* hikeData.json */; };
		E62B0FD42898D75600054CD7 /* Hike.swift in Sources */ = {isa = PBXBuildFile; fileRef = E62B0FD32898D75500054CD7 /* Hike.swift */; };
		E62B0FDA2898D8BE00054CD7 /* GraphCapsule.swift in Sources */ = {isa = PBXBuildFile; fileRef = E62B0FD62898D8BE00054CD7 /* GraphCapsule.swift */; };
		E62B0FDB2898D8BE00054CD7 /* HikeGraph.swift in Sources */ = {isa = PBXBuildFile; fileRef = E62B0FD72898D8BE00054CD7 /* HikeGraph.swift */; };
		E62B0FDC2898D8BE00054CD7 /* HikeDetail.swift in Sources */ = {isa = PBXBuildFile; fileRef = E62B0FD82898D8BE00054CD7 /* HikeDetail.swift */; };
		E62B0FDD2898D8BE00054CD7 /* HikeView.swift in Sources */ = {isa = PBXBuildFile; fileRef = E62B0FD92898D8BE00054CD7 /* HikeView.swift */; };
		E62B1000289A387800054CD7 /* CategoryHome.swift in Sources */ = {isa = PBXBuildFile; fileRef = E62B0FFF289A387800054CD7 /* CategoryHome.swift */; };
		E62B1002289A3ADD00054CD7 /* CategoryRow.swift in Sources */ = {isa = PBXBuildFile; fileRef = E62B1001289A3ADD00054CD7 /* CategoryRow.swift */; };
		E62B1004289A3CEB00054CD7 /* CategoryItem.swift in Sources */ = {isa = PBXBuildFile; fileRef = E62B1003289A3CEB00054CD7 /* CategoryItem.swift */; };
		E62B1006289B974A00054CD7 /* Profile.swift in Sources */ = {isa = PBXBuildFile; fileRef = E62B1005289B974A00054CD7 /* Profile.swift */; };
		E62B1009289B983B00054CD7 /* ProfileHost.swift in Sources */ = {isa = PBXBuildFile; fileRef = E62B1008289B983B00054CD7 /* ProfileHost.swift */; };
		E62B100B289B98D500054CD7 /* ProfileSummary.swift in Sources */ = {isa = PBXBuildFile; fileRef = E62B100A289B98D500054CD7 /* ProfileSummary.swift */; };
		E62B100D289B9A6700054CD7 /* HikeBadge.swift in Sources */ = {isa = PBXBuildFile; fileRef = E62B100C289B9A6700054CD7 /* HikeBadge.swift */; };
		E62B100F289CDE3900054CD7 /* ProfileEditor.swift in Sources */ = {isa = PBXBuildFile; fileRef = E62B100E289CDE3900054CD7 /* ProfileEditor.swift */; };
		E642898D2896C60400837AEE /* HexagonParameters.swift in Sources */ = {isa = PBXBuildFile; fileRef = E642898C2896C60400837AEE /* HexagonParameters.swift */; };
		E642898F2896C6D900837AEE /* BadgeBackground.swift in Sources */ = {isa = PBXBuildFile; fileRef = E642898E2896C6D900837AEE /* BadgeBackground.swift */; };
		E64289B82896CE5800837AEE /* BadgeSymbol.swift in Sources */ = {isa = PBXBuildFile; fileRef = E64289B72896CE5800837AEE /* BadgeSymbol.swift */; };
		E64289BA2896D16700837AEE /* RotatedBadgeSymbol.swift in Sources */ = {isa = PBXBuildFile; fileRef = E64289B92896D16700837AEE /* RotatedBadgeSymbol.swift */; };
		E67DF64928A2320E00EDE3CD /* Assets.xcassets in Resources */ = {isa = PBXBuildFile; fileRef = E67DF64828A2320E00EDE3CD /* Assets.xcassets */; };
		E67DF64F28A2320E00EDE3CD /* WatchLandmarks WatchKit Extension.appex in Embed App Extensions */ = {isa = PBXBuildFile; fileRef = E67DF64E28A2320E00EDE3CD /* WatchLandmarks WatchKit Extension.appex */; settings = {ATTRIBUTES = (RemoveHeadersOnCopy, ); }; };
		E67DF65628A2320E00EDE3CD /* ContentView.swift in Sources */ = {isa = PBXBuildFile; fileRef = E67DF65528A2320E00EDE3CD /* ContentView.swift */; };
		E67DF65828A2320E00EDE3CD /* NotificationController.swift in Sources */ = {isa = PBXBuildFile; fileRef = E67DF65728A2320E00EDE3CD /* NotificationController.swift */; };
		E67DF65A28A2320E00EDE3CD /* NotificationView.swift in Sources */ = {isa = PBXBuildFile; fileRef = E67DF65928A2320E00EDE3CD /* NotificationView.swift */; };
		E67DF65C28A2320E00EDE3CD /* ComplicationController.swift in Sources */ = {isa = PBXBuildFile; fileRef = E67DF65B28A2320E00EDE3CD /* ComplicationController.swift */; };
		E67DF65E28A2320F00EDE3CD /* Assets.xcassets in Resources */ = {isa = PBXBuildFile; fileRef = E67DF65D28A2320F00EDE3CD /* Assets.xcassets */; };
		E67DF66128A2320F00EDE3CD /* Preview Assets.xcassets in Resources */ = {isa = PBXBuildFile; fileRef = E67DF66028A2320F00EDE3CD /* Preview Assets.xcassets */; };
		E67DF66628A2320F00EDE3CD /* WatchLandmarks.app in Embed Watch Content */ = {isa = PBXBuildFile; fileRef = E67DF64628A2320C00EDE3CD /* WatchLandmarks.app */; settings = {ATTRIBUTES = (RemoveHeadersOnCopy, ); }; };
		E6912539289E33C0006C5B73 /* PageViewController.swift in Sources */ = {isa = PBXBuildFile; fileRef = E6912538289E33C0006C5B73 /* PageViewController.swift */; };
		E691253B289E357E006C5B73 /* FeatureCard.swift in Sources */ = {isa = PBXBuildFile; fileRef = E691253A289E357E006C5B73 /* FeatureCard.swift */; };
		E691253D289E3776006C5B73 /* PageView.swift in Sources */ = {isa = PBXBuildFile; fileRef = E691253C289E3776006C5B73 /* PageView.swift */; };
		E691253F28A0DDCD006C5B73 /* PageControl.swift in Sources */ = {isa = PBXBuildFile; fileRef = E691253E28A0DDCD006C5B73 /* PageControl.swift */; };
		E69F5C1228A4C70600AD6634 /* ContentView.swift in Sources */ = {isa = PBXBuildFile; fileRef = E69F5C1128A4C70600AD6634 /* ContentView.swift */; };
		E69F5C1428A4C70900AD6634 /* Assets.xcassets in Resources */ = {isa = PBXBuildFile; fileRef = E69F5C1328A4C70900AD6634 /* Assets.xcassets */; };
		E69F5C1728A4C70900AD6634 /* Preview Assets.xcassets in Resources */ = {isa = PBXBuildFile; fileRef = E69F5C1628A4C70900AD6634 /* Preview Assets.xcassets */; };
		E69F5C1C28A4C76C00AD6634 /* MapView.swift in Sources */ = {isa = PBXBuildFile; fileRef = E6091FF4289508A000ADD99D /* MapView.swift */; };
		E69F5C1D28A4C76C00AD6634 /* LandmarkRow.swift in Sources */ = {isa = PBXBuildFile; fileRef = E6091FFC289660CB00ADD99D /* LandmarkRow.swift */; };
		E69F5C1E28A4C76C00AD6634 /* CircleImage.swift in Sources */ = {isa = PBXBuildFile; fileRef = E6091FF22895079C00ADD99D /* CircleImage.swift */; };
		E69F5C1F28A4C76C00AD6634 /* FavoriteButton.swift in Sources */ = {isa = PBXBuildFile; fileRef = E60920022896BFD300ADD99D /* FavoriteButton.swift */; };
		E69F5C2028A4C76C00AD6634 /* LandmarkList.swift in Sources */ = {isa = PBXBuildFile; fileRef = E6091FFE2896625E00ADD99D /* LandmarkList.swift */; };
		E69F5C2128A4C76C00AD6634 /* LandmarksApp.swift in Sources */ = {isa = PBXBuildFile; fileRef = E6091FC42894FE2E00ADD99D /* LandmarksApp.swift */; };
		E69F5C2228A4C78500AD6634 /* ModelData.swift in Sources */ = {isa = PBXBuildFile; fileRef = E6091FFA2895102000ADD99D /* ModelData.swift */; };
		E69F5C2328A4C78600AD6634 /* landmarkData.json in Resources */ = {isa = PBXBuildFile; fileRef = E6091FEF2895072F00ADD99D /* landmarkData.json */; };
		E69F5C2428A4C78600AD6634 /* Profile.swift in Sources */ = {isa = PBXBuildFile; fileRef = E62B1005289B974A00054CD7 /* Profile.swift */; };
		E69F5C2528A4C78600AD6634 /* Landmark.swift in Sources */ = {isa = PBXBuildFile; fileRef = E6091FF628950EA100ADD99D /* Landmark.swift */; };
		E69F5C2628A4C78600AD6634 /* Assets.xcassets in Resources */ = {isa = PBXBuildFile; fileRef = E6091FC82894FE3200ADD99D /* Assets.xcassets */; };
		E69F5C2728A4C78600AD6634 /* Coordinates.swift in Sources */ = {isa = PBXBuildFile; fileRef = E6091FF828950F1700ADD99D /* Coordinates.swift */; };
		E69F5C2828A4C78600AD6634 /* Hike.swift in Sources */ = {isa = PBXBuildFile; fileRef = E62B0FD32898D75500054CD7 /* Hike.swift */; };
		E69F5C2928A4C78600AD6634 /* hikeData.json in Resources */ = {isa = PBXBuildFile; fileRef = E62B0FD12898D6BA00054CD7 /* hikeData.json */; };
		E69F5C2B28A4C84D00AD6634 /* LandmarkDetail.swift in Sources */ = {isa = PBXBuildFile; fileRef = E69F5C2A28A4C84D00AD6634 /* LandmarkDetail.swift */; };
		E69F5C2D28A6160800AD6634 /* LandmarksList.swift in Sources */ = {isa = PBXBuildFile; fileRef = E69F5C2C28A6160800AD6634 /* LandmarksList.swift */; };
		E69F5C2F28A61E7D00AD6634 /* LandmarkCommands.swift in Sources */ = {isa = PBXBuildFile; fileRef = E69F5C2E28A61E7D00AD6634 /* LandmarkCommands.swift */; };
		E69F5C3028A61E8000AD6634 /* LandmarkCommands.swift in Sources */ = {isa = PBXBuildFile; fileRef = E69F5C2E28A61E7D00AD6634 /* LandmarkCommands.swift */; };
		E69F5C3228A6245000AD6634 /* LandmarkSettings.swift in Sources */ = {isa = PBXBuildFile; fileRef = E69F5C3128A6245000AD6634 /* LandmarkSettings.swift */; };
/* End PBXBuildFile section */

/* Begin PBXContainerItemProxy section */
		E67DF65028A2320E00EDE3CD /* PBXContainerItemProxy */ = {
			isa = PBXContainerItemProxy;
			containerPortal = E6091FB92894FE2E00ADD99D /* Project object */;
			proxyType = 1;
			remoteGlobalIDString = E67DF64D28A2320E00EDE3CD;
			remoteInfo = "WatchLandmarks WatchKit Extension";
		};
		E67DF66428A2320F00EDE3CD /* PBXContainerItemProxy */ = {
			isa = PBXContainerItemProxy;
			containerPortal = E6091FB92894FE2E00ADD99D /* Project object */;
			proxyType = 1;
			remoteGlobalIDString = E67DF64528A2320C00EDE3CD;
			remoteInfo = WatchLandmarks;
		};
/* End PBXContainerItemProxy section */

/* Begin PBXCopyFilesBuildPhase section */
		E67DF66728A2320F00EDE3CD /* Embed Watch Content */ = {
			isa = PBXCopyFilesBuildPhase;
			buildActionMask = 2147483647;
			dstPath = "$(CONTENTS_FOLDER_PATH)/Watch";
			dstSubfolderSpec = 16;
			files = (
				E67DF66628A2320F00EDE3CD /* WatchLandmarks.app in Embed Watch Content */,
			);
			name = "Embed Watch Content";
			runOnlyForDeploymentPostprocessing = 0;
		};
		E67DF66A28A2320F00EDE3CD /* Embed App Extensions */ = {
			isa = PBXCopyFilesBuildPhase;
			buildActionMask = 2147483647;
			dstPath = "";
			dstSubfolderSpec = 13;
			files = (
				E67DF64F28A2320E00EDE3CD /* WatchLandmarks WatchKit Extension.appex in Embed App Extensions */,
			);
			name = "Embed App Extensions";
			runOnlyForDeploymentPostprocessing = 0;
		};
/* End PBXCopyFilesBuildPhase section */

/* Begin PBXFileReference section */
		E6091FC12894FE2E00ADD99D /* Landmarks.app */ = {isa = PBXFileReference; explicitFileType = wrapper.application; includeInIndex = 0; path = Landmarks.app; sourceTree = BUILT_PRODUCTS_DIR; };
		E6091FC42894FE2E00ADD99D /* LandmarksApp.swift */ = {isa = PBXFileReference; lastKnownFileType = sourcecode.swift; path = LandmarksApp.swift; sourceTree = "<group>"; };
		E6091FC62894FE2E00ADD99D /* ContentView.swift */ = {isa = PBXFileReference; lastKnownFileType = sourcecode.swift; path = ContentView.swift; sourceTree = "<group>"; };
		E6091FC82894FE3200ADD99D /* Assets.xcassets */ = {isa = PBXFileReference; lastKnownFileType = folder.assetcatalog; path = Assets.xcassets; sourceTree = "<group>"; };
		E6091FCB2894FE3200ADD99D /* Preview Assets.xcassets */ = {isa = PBXFileReference; lastKnownFileType = folder.assetcatalog; path = "Preview Assets.xcassets"; sourceTree = "<group>"; };
		E6091FEF2895072F00ADD99D /* landmarkData.json */ = {isa = PBXFileReference; fileEncoding = 4; lastKnownFileType = text.json; path = landmarkData.json; sourceTree = "<group>"; };
		E6091FF22895079C00ADD99D /* CircleImage.swift */ = {isa = PBXFileReference; lastKnownFileType = sourcecode.swift; path = CircleImage.swift; sourceTree = "<group>"; };
		E6091FF4289508A000ADD99D /* MapView.swift */ = {isa = PBXFileReference; lastKnownFileType = sourcecode.swift; path = MapView.swift; sourceTree = "<group>"; };
		E6091FF628950EA100ADD99D /* Landmark.swift */ = {isa = PBXFileReference; lastKnownFileType = sourcecode.swift; path = Landmark.swift; sourceTree = "<group>"; };
		E6091FF828950F1700ADD99D /* Coordinates.swift */ = {isa = PBXFileReference; lastKnownFileType = sourcecode.swift; path = Coordinates.swift; sourceTree = "<group>"; };
		E6091FFA2895102000ADD99D /* ModelData.swift */ = {isa = PBXFileReference; lastKnownFileType = sourcecode.swift; path = ModelData.swift; sourceTree = "<group>"; };
		E6091FFC289660CB00ADD99D /* LandmarkRow.swift */ = {isa = PBXFileReference; lastKnownFileType = sourcecode.swift; path = LandmarkRow.swift; sourceTree = "<group>"; };
		E6091FFE2896625E00ADD99D /* LandmarkList.swift */ = {isa = PBXFileReference; lastKnownFileType = sourcecode.swift; path = LandmarkList.swift; sourceTree = "<group>"; };
		E60920002896632A00ADD99D /* LandmarkDetail.swift */ = {isa = PBXFileReference; lastKnownFileType = sourcecode.swift; path = LandmarkDetail.swift; sourceTree = "<group>"; };
		E60920022896BFD300ADD99D /* FavoriteButton.swift */ = {isa = PBXFileReference; lastKnownFileType = sourcecode.swift; path = FavoriteButton.swift; sourceTree = "<group>"; };
		E6100B7728A3798700EF450C /* LandmarkDetail.swift */ = {isa = PBXFileReference; lastKnownFileType = sourcecode.swift; path = LandmarkDetail.swift; sourceTree = "<group>"; };
		E62B0FCF2898D0B000054CD7 /* Badge.swift */ = {isa = PBXFileReference; lastKnownFileType = sourcecode.swift; path = Badge.swift; sourceTree = "<group>"; };
		E62B0FD12898D6BA00054CD7 /* hikeData.json */ = {isa = PBXFileReference; fileEncoding = 4; lastKnownFileType = text.json; path = hikeData.json; sourceTree = "<group>"; };
		E62B0FD32898D75500054CD7 /* Hike.swift */ = {isa = PBXFileReference; lastKnownFileType = sourcecode.swift; path = Hike.swift; sourceTree = "<group>"; };
		E62B0FD62898D8BE00054CD7 /* GraphCapsule.swift */ = {isa = PBXFileReference; fileEncoding = 4; lastKnownFileType = sourcecode.swift; path = GraphCapsule.swift; sourceTree = "<group>"; };
		E62B0FD72898D8BE00054CD7 /* HikeGraph.swift */ = {isa = PBXFileReference; fileEncoding = 4; lastKnownFileType = sourcecode.swift; path = HikeGraph.swift; sourceTree = "<group>"; };
		E62B0FD82898D8BE00054CD7 /* HikeDetail.swift */ = {isa = PBXFileReference; fileEncoding = 4; lastKnownFileType = sourcecode.swift; path = HikeDetail.swift; sourceTree = "<group>"; };
		E62B0FD92898D8BE00054CD7 /* HikeView.swift */ = {isa = PBXFileReference; fileEncoding = 4; lastKnownFileType = sourcecode.swift; path = HikeView.swift; sourceTree = "<group>"; };
		E62B0FFF289A387800054CD7 /* CategoryHome.swift */ = {isa = PBXFileReference; lastKnownFileType = sourcecode.swift; path = CategoryHome.swift; sourceTree = "<group>"; };
		E62B1001289A3ADD00054CD7 /* CategoryRow.swift */ = {isa = PBXFileReference; lastKnownFileType = sourcecode.swift; path = CategoryRow.swift; sourceTree = "<group>"; };
		E62B1003289A3CEB00054CD7 /* CategoryItem.swift */ = {isa = PBXFileReference; lastKnownFileType = sourcecode.swift; path = CategoryItem.swift; sourceTree = "<group>"; };
		E62B1005289B974A00054CD7 /* Profile.swift */ = {isa = PBXFileReference; lastKnownFileType = sourcecode.swift; path = Profile.swift; sourceTree = "<group>"; };
		E62B1008289B983B00054CD7 /* ProfileHost.swift */ = {isa = PBXFileReference; lastKnownFileType = sourcecode.swift; path = ProfileHost.swift; sourceTree = "<group>"; };
		E62B100A289B98D500054CD7 /* ProfileSummary.swift */ = {isa = PBXFileReference; lastKnownFileType = sourcecode.swift; path = ProfileSummary.swift; sourceTree = "<group>"; };
		E62B100C289B9A6700054CD7 /* HikeBadge.swift */ = {isa = PBXFileReference; lastKnownFileType = sourcecode.swift; path = HikeBadge.swift; sourceTree = "<group>"; };
		E62B100E289CDE3900054CD7 /* ProfileEditor.swift */ = {isa = PBXFileReference; lastKnownFileType = sourcecode.swift; path = ProfileEditor.swift; sourceTree = "<group>"; };
		E642898C2896C60400837AEE /* HexagonParameters.swift */ = {isa = PBXFileReference; lastKnownFileType = sourcecode.swift; path = HexagonParameters.swift; sourceTree = "<group>"; };
		E642898E2896C6D900837AEE /* BadgeBackground.swift */ = {isa = PBXFileReference; lastKnownFileType = sourcecode.swift; path = BadgeBackground.swift; sourceTree = "<group>"; };
		E64289B72896CE5800837AEE /* BadgeSymbol.swift */ = {isa = PBXFileReference; lastKnownFileType = sourcecode.swift; path = BadgeSymbol.swift; sourceTree = "<group>"; };
		E64289B92896D16700837AEE /* RotatedBadgeSymbol.swift */ = {isa = PBXFileReference; lastKnownFileType = sourcecode.swift; path = RotatedBadgeSymbol.swift; sourceTree = "<group>"; };
		E67DF64628A2320C00EDE3CD /* WatchLandmarks.app */ = {isa = PBXFileReference; explicitFileType = wrapper.application; includeInIndex = 0; path = WatchLandmarks.app; sourceTree = BUILT_PRODUCTS_DIR; };
		E67DF64828A2320E00EDE3CD /* Assets.xcassets */ = {isa = PBXFileReference; lastKnownFileType = folder.assetcatalog; path = Assets.xcassets; sourceTree = "<group>"; };
		E67DF64E28A2320E00EDE3CD /* WatchLandmarks WatchKit Extension.appex */ = {isa = PBXFileReference; explicitFileType = "wrapper.app-extension"; includeInIndex = 0; path = "WatchLandmarks WatchKit Extension.appex"; sourceTree = BUILT_PRODUCTS_DIR; };
		E67DF65528A2320E00EDE3CD /* ContentView.swift */ = {isa = PBXFileReference; lastKnownFileType = sourcecode.swift; path = ContentView.swift; sourceTree = "<group>"; };
		E67DF65728A2320E00EDE3CD /* NotificationController.swift */ = {isa = PBXFileReference; lastKnownFileType = sourcecode.swift; path = NotificationController.swift; sourceTree = "<group>"; };
		E67DF65928A2320E00EDE3CD /* NotificationView.swift */ = {isa = PBXFileReference; lastKnownFileType = sourcecode.swift; path = NotificationView.swift; sourceTree = "<group>"; };
		E67DF65B28A2320E00EDE3CD /* ComplicationController.swift */ = {isa = PBXFileReference; lastKnownFileType = sourcecode.swift; path = ComplicationController.swift; sourceTree = "<group>"; };
		E67DF65D28A2320F00EDE3CD /* Assets.xcassets */ = {isa = PBXFileReference; lastKnownFileType = folder.assetcatalog; path = Assets.xcassets; sourceTree = "<group>"; };
		E67DF66028A2320F00EDE3CD /* Preview Assets.xcassets */ = {isa = PBXFileReference; lastKnownFileType = folder.assetcatalog; path = "Preview Assets.xcassets"; sourceTree = "<group>"; };
		E67DF66228A2320F00EDE3CD /* Info.plist */ = {isa = PBXFileReference; lastKnownFileType = text.plist.xml; path = Info.plist; sourceTree = "<group>"; };
		E67DF66328A2320F00EDE3CD /* PushNotificationPayload.apns */ = {isa = PBXFileReference; lastKnownFileType = text; path = PushNotificationPayload.apns; sourceTree = "<group>"; };
		E6912538289E33C0006C5B73 /* PageViewController.swift */ = {isa = PBXFileReference; lastKnownFileType = sourcecode.swift; path = PageViewController.swift; sourceTree = "<group>"; };
		E691253A289E357E006C5B73 /* FeatureCard.swift */ = {isa = PBXFileReference; lastKnownFileType = sourcecode.swift; path = FeatureCard.swift; sourceTree = "<group>"; };
		E691253C289E3776006C5B73 /* PageView.swift */ = {isa = PBXFileReference; lastKnownFileType = sourcecode.swift; path = PageView.swift; sourceTree = "<group>"; };
		E691253E28A0DDCD006C5B73 /* PageControl.swift */ = {isa = PBXFileReference; lastKnownFileType = sourcecode.swift; path = PageControl.swift; sourceTree = "<group>"; };
		E69F5C0D28A4C70600AD6634 /* MacLandmarks.app */ = {isa = PBXFileReference; explicitFileType = wrapper.application; includeInIndex = 0; path = MacLandmarks.app; sourceTree = BUILT_PRODUCTS_DIR; };
		E69F5C1128A4C70600AD6634 /* ContentView.swift */ = {isa = PBXFileReference; lastKnownFileType = sourcecode.swift; path = ContentView.swift; sourceTree = "<group>"; };
		E69F5C1328A4C70900AD6634 /* Assets.xcassets */ = {isa = PBXFileReference; lastKnownFileType = folder.assetcatalog; path = Assets.xcassets; sourceTree = "<group>"; };
		E69F5C1628A4C70900AD6634 /* Preview Assets.xcassets */ = {isa = PBXFileReference; lastKnownFileType = folder.assetcatalog; path = "Preview Assets.xcassets"; sourceTree = "<group>"; };
		E69F5C1828A4C70900AD6634 /* MacLandmarks.entitlements */ = {isa = PBXFileReference; lastKnownFileType = text.plist.entitlements; path = MacLandmarks.entitlements; sourceTree = "<group>"; };
		E69F5C2A28A4C84D00AD6634 /* LandmarkDetail.swift */ = {isa = PBXFileReference; lastKnownFileType = sourcecode.swift; path = LandmarkDetail.swift; sourceTree = "<group>"; };
		E69F5C2C28A6160800AD6634 /* LandmarksList.swift */ = {isa = PBXFileReference; lastKnownFileType = sourcecode.swift; path = LandmarksList.swift; sourceTree = "<group>"; };
		E69F5C2E28A61E7D00AD6634 /* LandmarkCommands.swift */ = {isa = PBXFileReference; lastKnownFileType = sourcecode.swift; path = LandmarkCommands.swift; sourceTree = "<group>"; };
		E69F5C3128A6245000AD6634 /* LandmarkSettings.swift */ = {isa = PBXFileReference; lastKnownFileType = sourcecode.swift; path = LandmarkSettings.swift; sourceTree = "<group>"; };
/* End PBXFileReference section */

/* Begin PBXFrameworksBuildPhase section */
		E6091FBE2894FE2E00ADD99D /* Frameworks */ = {
			isa = PBXFrameworksBuildPhase;
			buildActionMask = 2147483647;
			files = (
			);
			runOnlyForDeploymentPostprocessing = 0;
		};
		E67DF64B28A2320E00EDE3CD /* Frameworks */ = {
			isa = PBXFrameworksBuildPhase;
			buildActionMask = 2147483647;
			files = (
			);
			runOnlyForDeploymentPostprocessing = 0;
		};
		E69F5C0A28A4C70600AD6634 /* Frameworks */ = {
			isa = PBXFrameworksBuildPhase;
			buildActionMask = 2147483647;
			files = (
			);
			runOnlyForDeploymentPostprocessing = 0;
		};
/* End PBXFrameworksBuildPhase section */

/* Begin PBXGroup section */
		E6091FB82894FE2E00ADD99D = {
			isa = PBXGroup;
			children = (
				E6091FC32894FE2E00ADD99D /* Landmarks */,
				E67DF64728A2320C00EDE3CD /* WatchLandmarks */,
				E67DF65228A2320E00EDE3CD /* WatchLandmarks WatchKit Extension */,
				E69F5C0E28A4C70600AD6634 /* MacLandmarks */,
				E6091FC22894FE2E00ADD99D /* Products */,
			);
			sourceTree = "<group>";
		};
		E6091FC22894FE2E00ADD99D /* Products */ = {
			isa = PBXGroup;
			children = (
				E6091FC12894FE2E00ADD99D /* Landmarks.app */,
				E67DF64628A2320C00EDE3CD /* WatchLandmarks.app */,
				E67DF64E28A2320E00EDE3CD /* WatchLandmarks WatchKit Extension.appex */,
				E69F5C0D28A4C70600AD6634 /* MacLandmarks.app */,
			);
			name = Products;
			sourceTree = "<group>";
		};
		E6091FC32894FE2E00ADD99D /* Landmarks */ = {
			isa = PBXGroup;
			children = (
				E6091FC42894FE2E00ADD99D /* LandmarksApp.swift */,
				E6091FC82894FE3200ADD99D /* Assets.xcassets */,
				E6091FED2895047400ADD99D /* Views */,
				E6091FEC2895046C00ADD99D /* Models */,
				E6091FEE2895047A00ADD99D /* Resources */,
				E6091FCA2894FE3200ADD99D /* Preview Content */,
			);
			path = Landmarks;
			sourceTree = "<group>";
		};
		E6091FCA2894FE3200ADD99D /* Preview Content */ = {
			isa = PBXGroup;
			children = (
				E6091FCB2894FE3200ADD99D /* Preview Assets.xcassets */,
			);
			path = "Preview Content";
			sourceTree = "<group>";
		};
		E6091FEC2895046C00ADD99D /* Models */ = {
			isa = PBXGroup;
			children = (
				E6091FF628950EA100ADD99D /* Landmark.swift */,
				E6091FF828950F1700ADD99D /* Coordinates.swift */,
				E6091FFA2895102000ADD99D /* ModelData.swift */,
				E62B0FD32898D75500054CD7 /* Hike.swift */,
				E62B1005289B974A00054CD7 /* Profile.swift */,
			);
			path = Models;
			sourceTree = "<group>";
		};
		E6091FED2895047400ADD99D /* Views */ = {
			isa = PBXGroup;
			children = (
				E6912537289E3391006C5B73 /* PageViews */,
				E62B1007289B982700054CD7 /* Profiles */,
				E62B0FFE289A384F00054CD7 /* Categories */,
				E62B0FD52898D8BE00054CD7 /* Hikes */,
				E62B0FCE2898D08C00054CD7 /* Badges */,
				E60920042896C0BB00ADD99D /* Landmarks */,
				E6091FF12895078000ADD99D /* Helpers */,
				E6091FC62894FE2E00ADD99D /* ContentView.swift */,
			);
			path = Views;
			sourceTree = "<group>";
		};
		E6091FEE2895047A00ADD99D /* Resources */ = {
			isa = PBXGroup;
			children = (
				E6091FEF2895072F00ADD99D /* landmarkData.json */,
				E62B0FD12898D6BA00054CD7 /* hikeData.json */,
			);
			path = Resources;
			sourceTree = "<group>";
		};
		E6091FF12895078000ADD99D /* Helpers */ = {
			isa = PBXGroup;
			children = (
				E6091FF22895079C00ADD99D /* CircleImage.swift */,
				E6091FF4289508A000ADD99D /* MapView.swift */,
				E60920022896BFD300ADD99D /* FavoriteButton.swift */,
			);
			path = Helpers;
			sourceTree = "<group>";
		};
		E60920042896C0BB00ADD99D /* Landmarks */ = {
			isa = PBXGroup;
			children = (
				E6091FFC289660CB00ADD99D /* LandmarkRow.swift */,
				E6091FFE2896625E00ADD99D /* LandmarkList.swift */,
				E60920002896632A00ADD99D /* LandmarkDetail.swift */,
			);
			path = Landmarks;
			sourceTree = "<group>";
		};
		E62B0FCE2898D08C00054CD7 /* Badges */ = {
			isa = PBXGroup;
			children = (
				E642898C2896C60400837AEE /* HexagonParameters.swift */,
				E642898E2896C6D900837AEE /* BadgeBackground.swift */,
				E64289B72896CE5800837AEE /* BadgeSymbol.swift */,
				E64289B92896D16700837AEE /* RotatedBadgeSymbol.swift */,
				E62B0FCF2898D0B000054CD7 /* Badge.swift */,
			);
			path = Badges;
			sourceTree = "<group>";
		};
		E62B0FD52898D8BE00054CD7 /* Hikes */ = {
			isa = PBXGroup;
			children = (
				E62B0FD62898D8BE00054CD7 /* GraphCapsule.swift */,
				E62B0FD72898D8BE00054CD7 /* HikeGraph.swift */,
				E62B0FD82898D8BE00054CD7 /* HikeDetail.swift */,
				E62B0FD92898D8BE00054CD7 /* HikeView.swift */,
				E62B100C289B9A6700054CD7 /* HikeBadge.swift */,
			);
			path = Hikes;
			sourceTree = "<group>";
		};
		E62B0FFE289A384F00054CD7 /* Categories */ = {
			isa = PBXGroup;
			children = (
				E62B0FFF289A387800054CD7 /* CategoryHome.swift */,
				E62B1001289A3ADD00054CD7 /* CategoryRow.swift */,
				E62B1003289A3CEB00054CD7 /* CategoryItem.swift */,
			);
			path = Categories;
			sourceTree = "<group>";
		};
		E62B1007289B982700054CD7 /* Profiles */ = {
			isa = PBXGroup;
			children = (
				E62B1008289B983B00054CD7 /* ProfileHost.swift */,
				E62B100A289B98D500054CD7 /* ProfileSummary.swift */,
				E62B100E289CDE3900054CD7 /* ProfileEditor.swift */,
			);
			path = Profiles;
			sourceTree = "<group>";
		};
		E67DF64728A2320C00EDE3CD /* WatchLandmarks */ = {
			isa = PBXGroup;
			children = (
				E67DF64828A2320E00EDE3CD /* Assets.xcassets */,
			);
			path = WatchLandmarks;
			sourceTree = "<group>";
		};
		E67DF65228A2320E00EDE3CD /* WatchLandmarks WatchKit Extension */ = {
			isa = PBXGroup;
			children = (
				E67DF65528A2320E00EDE3CD /* ContentView.swift */,
				E6100B7728A3798700EF450C /* LandmarkDetail.swift */,
				E67DF65728A2320E00EDE3CD /* NotificationController.swift */,
				E67DF65928A2320E00EDE3CD /* NotificationView.swift */,
				E67DF65B28A2320E00EDE3CD /* ComplicationController.swift */,
				E67DF65D28A2320F00EDE3CD /* Assets.xcassets */,
				E67DF66228A2320F00EDE3CD /* Info.plist */,
				E67DF66328A2320F00EDE3CD /* PushNotificationPayload.apns */,
				E67DF65F28A2320F00EDE3CD /* Preview Content */,
				E69F5C2C28A6160800AD6634 /* LandmarksList.swift */,
			);
			path = "WatchLandmarks WatchKit Extension";
			sourceTree = "<group>";
		};
		E67DF65F28A2320F00EDE3CD /* Preview Content */ = {
			isa = PBXGroup;
			children = (
				E67DF66028A2320F00EDE3CD /* Preview Assets.xcassets */,
			);
			path = "Preview Content";
			sourceTree = "<group>";
		};
		E6912537289E3391006C5B73 /* PageViews */ = {
			isa = PBXGroup;
			children = (
				E6912538289E33C0006C5B73 /* PageViewController.swift */,
				E691253A289E357E006C5B73 /* FeatureCard.swift */,
				E691253C289E3776006C5B73 /* PageView.swift */,
				E691253E28A0DDCD006C5B73 /* PageControl.swift */,
			);
			path = PageViews;
			sourceTree = "<group>";
		};
		E69F5C0E28A4C70600AD6634 /* MacLandmarks */ = {
			isa = PBXGroup;
			children = (
				E69F5C1128A4C70600AD6634 /* ContentView.swift */,
				E69F5C2A28A4C84D00AD6634 /* LandmarkDetail.swift */,
				E69F5C1328A4C70900AD6634 /* Assets.xcassets */,
				E69F5C1828A4C70900AD6634 /* MacLandmarks.entitlements */,
				E69F5C1528A4C70900AD6634 /* Preview Content */,
				E69F5C2E28A61E7D00AD6634 /* LandmarkCommands.swift */,
				E69F5C3128A6245000AD6634 /* LandmarkSettings.swift */,
			);
			path = MacLandmarks;
			sourceTree = "<group>";
		};
		E69F5C1528A4C70900AD6634 /* Preview Content */ = {
			isa = PBXGroup;
			children = (
				E69F5C1628A4C70900AD6634 /* Preview Assets.xcassets */,
			);
			path = "Preview Content";
			sourceTree = "<group>";
		};
/* End PBXGroup section */

/* Begin PBXNativeTarget section */
		E6091FC02894FE2E00ADD99D /* Landmarks */ = {
			isa = PBXNativeTarget;
			buildConfigurationList = E6091FCF2894FE3200ADD99D /* Build configuration list for PBXNativeTarget "Landmarks" */;
			buildPhases = (
				E6091FBD2894FE2E00ADD99D /* Sources */,
				E6091FBE2894FE2E00ADD99D /* Frameworks */,
				E6091FBF2894FE2E00ADD99D /* Resources */,
				E67DF66728A2320F00EDE3CD /* Embed Watch Content */,
			);
			buildRules = (
			);
			dependencies = (
				E67DF66528A2320F00EDE3CD /* PBXTargetDependency */,
			);
			name = Landmarks;
			productName = Landmarks;
			productReference = E6091FC12894FE2E00ADD99D /* Landmarks.app */;
			productType = "com.apple.product-type.application";
		};
		E67DF64528A2320C00EDE3CD /* WatchLandmarks */ = {
			isa = PBXNativeTarget;
			buildConfigurationList = E67DF66E28A2320F00EDE3CD /* Build configuration list for PBXNativeTarget "WatchLandmarks" */;
			buildPhases = (
				E67DF64428A2320C00EDE3CD /* Resources */,
				E67DF66A28A2320F00EDE3CD /* Embed App Extensions */,
			);
			buildRules = (
			);
			dependencies = (
				E67DF65128A2320E00EDE3CD /* PBXTargetDependency */,
			);
			name = WatchLandmarks;
			productName = WatchLandmarks;
			productReference = E67DF64628A2320C00EDE3CD /* WatchLandmarks.app */;
			productType = "com.apple.product-type.application.watchapp2";
		};
		E67DF64D28A2320E00EDE3CD /* WatchLandmarks WatchKit Extension */ = {
			isa = PBXNativeTarget;
			buildConfigurationList = E67DF66D28A2320F00EDE3CD /* Build configuration list for PBXNativeTarget "WatchLandmarks WatchKit Extension" */;
			buildPhases = (
				E67DF64A28A2320E00EDE3CD /* Sources */,
				E67DF64B28A2320E00EDE3CD /* Frameworks */,
				E67DF64C28A2320E00EDE3CD /* Resources */,
			);
			buildRules = (
			);
			dependencies = (
			);
			name = "WatchLandmarks WatchKit Extension";
			productName = "WatchLandmarks WatchKit Extension";
			productReference = E67DF64E28A2320E00EDE3CD /* WatchLandmarks WatchKit Extension.appex */;
			productType = "com.apple.product-type.watchkit2-extension";
		};
		E69F5C0C28A4C70600AD6634 /* MacLandmarks */ = {
			isa = PBXNativeTarget;
			buildConfigurationList = E69F5C1B28A4C70900AD6634 /* Build configuration list for PBXNativeTarget "MacLandmarks" */;
			buildPhases = (
				E69F5C0928A4C70600AD6634 /* Sources */,
				E69F5C0A28A4C70600AD6634 /* Frameworks */,
				E69F5C0B28A4C70600AD6634 /* Resources */,
			);
			buildRules = (
			);
			dependencies = (
			);
			name = MacLandmarks;
			productName = MacLandmarks;
			productReference = E69F5C0D28A4C70600AD6634 /* MacLandmarks.app */;
			productType = "com.apple.product-type.application";
		};
/* End PBXNativeTarget section */

/* Begin PBXProject section */
		E6091FB92894FE2E00ADD99D /* Project object */ = {
			isa = PBXProject;
			attributes = {
				BuildIndependentTargetsInParallel = 1;
				LastSwiftUpdateCheck = 1340;
				LastUpgradeCheck = 1340;
				TargetAttributes = {
					E6091FC02894FE2E00ADD99D = {
						CreatedOnToolsVersion = 13.4.1;
					};
					E67DF64528A2320C00EDE3CD = {
						CreatedOnToolsVersion = 13.4.1;
					};
					E67DF64D28A2320E00EDE3CD = {
						CreatedOnToolsVersion = 13.4.1;
					};
					E69F5C0C28A4C70600AD6634 = {
						CreatedOnToolsVersion = 13.4.1;
					};
				};
			};
			buildConfigurationList = E6091FBC2894FE2E00ADD99D /* Build configuration list for PBXProject "Landmarks" */;
			compatibilityVersion = "Xcode 13.0";
			developmentRegion = en;
			hasScannedForEncodings = 0;
			knownRegions = (
				en,
				Base,
			);
			mainGroup = E6091FB82894FE2E00ADD99D;
			productRefGroup = E6091FC22894FE2E00ADD99D /* Products */;
			projectDirPath = "";
			projectRoot = "";
			targets = (
				E6091FC02894FE2E00ADD99D /* Landmarks */,
				E67DF64528A2320C00EDE3CD /* WatchLandmarks */,
				E67DF64D28A2320E00EDE3CD /* WatchLandmarks WatchKit Extension */,
				E69F5C0C28A4C70600AD6634 /* MacLandmarks */,
			);
		};
/* End PBXProject section */

/* Begin PBXResourcesBuildPhase section */
		E6091FBF2894FE2E00ADD99D /* Resources */ = {
			isa = PBXResourcesBuildPhase;
			buildActionMask = 2147483647;
			files = (
				E62B0FD22898D6BA00054CD7 /* hikeData.json in Resources */,
				E6091FCC2894FE3200ADD99D /* Preview Assets.xcassets in Resources */,
				E6091FC92894FE3200ADD99D /* Assets.xcassets in Resources */,
				E6091FF02895072F00ADD99D /* landmarkData.json in Resources */,
			);
			runOnlyForDeploymentPostprocessing = 0;
		};
		E67DF64428A2320C00EDE3CD /* Resources */ = {
			isa = PBXResourcesBuildPhase;
			buildActionMask = 2147483647;
			files = (
				E67DF64928A2320E00EDE3CD /* Assets.xcassets in Resources */,
			);
			runOnlyForDeploymentPostprocessing = 0;
		};
		E67DF64C28A2320E00EDE3CD /* Resources */ = {
			isa = PBXResourcesBuildPhase;
			buildActionMask = 2147483647;
			files = (
				E6100B6D28A378BE00EF450C /* hikeData.json in Resources */,
				E67DF66128A2320F00EDE3CD /* Preview Assets.xcassets in Resources */,
				E67DF65E28A2320F00EDE3CD /* Assets.xcassets in Resources */,
				E6100B6A28A378BE00EF450C /* landmarkData.json in Resources */,
				E6100B7128A378BE00EF450C /* Assets.xcassets in Resources */,
			);
			runOnlyForDeploymentPostprocessing = 0;
		};
		E69F5C0B28A4C70600AD6634 /* Resources */ = {
			isa = PBXResourcesBuildPhase;
			buildActionMask = 2147483647;
			files = (
				E69F5C1728A4C70900AD6634 /* Preview Assets.xcassets in Resources */,
				E69F5C1428A4C70900AD6634 /* Assets.xcassets in Resources */,
				E69F5C2628A4C78600AD6634 /* Assets.xcassets in Resources */,
				E69F5C2328A4C78600AD6634 /* landmarkData.json in Resources */,
				E69F5C2928A4C78600AD6634 /* hikeData.json in Resources */,
			);
			runOnlyForDeploymentPostprocessing = 0;
		};
/* End PBXResourcesBuildPhase section */

/* Begin PBXSourcesBuildPhase section */
		E6091FBD2894FE2E00ADD99D /* Sources */ = {
			isa = PBXSourcesBuildPhase;
			buildActionMask = 2147483647;
			files = (
				E62B1000289A387800054CD7 /* CategoryHome.swift in Sources */,
				E691253D289E3776006C5B73 /* PageView.swift in Sources */,
				E62B0FD42898D75600054CD7 /* Hike.swift in Sources */,
				E642898D2896C60400837AEE /* HexagonParameters.swift in Sources */,
				E6091FC72894FE2E00ADD99D /* ContentView.swift in Sources */,
				E6091FF5289508A000ADD99D /* MapView.swift in Sources */,
				E62B1009289B983B00054CD7 /* ProfileHost.swift in Sources */,
				E62B100D289B9A6700054CD7 /* HikeBadge.swift in Sources */,
				E691253F28A0DDCD006C5B73 /* PageControl.swift in Sources */,
				E62B0FDB2898D8BE00054CD7 /* HikeGraph.swift in Sources */,
				E62B1002289A3ADD00054CD7 /* CategoryRow.swift in Sources */,
				E6091FC52894FE2E00ADD99D /* LandmarksApp.swift in Sources */,
				E691253B289E357E006C5B73 /* FeatureCard.swift in Sources */,
				E6091FF928950F1700ADD99D /* Coordinates.swift in Sources */,
				E6091FFF2896625E00ADD99D /* LandmarkList.swift in Sources */,
				E62B100B289B98D500054CD7 /* ProfileSummary.swift in Sources */,
				E62B100F289CDE3900054CD7 /* ProfileEditor.swift in Sources */,
				E62B1004289A3CEB00054CD7 /* CategoryItem.swift in Sources */,
				E6091FF32895079C00ADD99D /* CircleImage.swift in Sources */,
				E69F5C3028A61E8000AD6634 /* LandmarkCommands.swift in Sources */,
				E64289B82896CE5800837AEE /* BadgeSymbol.swift in Sources */,
				E64289BA2896D16700837AEE /* RotatedBadgeSymbol.swift in Sources */,
				E62B0FD02898D0B000054CD7 /* Badge.swift in Sources */,
				E6091FF728950EA100ADD99D /* Landmark.swift in Sources */,
				E62B1006289B974A00054CD7 /* Profile.swift in Sources */,
				E6912539289E33C0006C5B73 /* PageViewController.swift in Sources */,
				E642898F2896C6D900837AEE /* BadgeBackground.swift in Sources */,
				E6091FFD289660CB00ADD99D /* LandmarkRow.swift in Sources */,
				E62B0FDA2898D8BE00054CD7 /* GraphCapsule.swift in Sources */,
				E62B0FDD2898D8BE00054CD7 /* HikeView.swift in Sources */,
				E60920012896632A00ADD99D /* LandmarkDetail.swift in Sources */,
				E60920032896BFD300ADD99D /* FavoriteButton.swift in Sources */,
				E6091FFB2895102000ADD99D /* ModelData.swift in Sources */,
				E62B0FDC2898D8BE00054CD7 /* HikeDetail.swift in Sources */,
			);
			runOnlyForDeploymentPostprocessing = 0;
		};
		E67DF64A28A2320E00EDE3CD /* Sources */ = {
			isa = PBXSourcesBuildPhase;
			buildActionMask = 2147483647;
			files = (
				E67DF65828A2320E00EDE3CD /* NotificationController.swift in Sources */,
				E6100B7228A378BE00EF450C /* Profile.swift in Sources */,
				E6100B7428A378BE00EF450C /* CircleImage.swift in Sources */,
				E6100B6928A378BE00EF450C /* MapView.swift in Sources */,
				E6100B7328A378BE00EF450C /* Hike.swift in Sources */,
				E67DF65628A2320E00EDE3CD /* ContentView.swift in Sources */,
				E67DF65C28A2320E00EDE3CD /* ComplicationController.swift in Sources */,
				E6100B6E28A378BE00EF450C /* LandmarksApp.swift in Sources */,
				E67DF65A28A2320E00EDE3CD /* NotificationView.swift in Sources */,
				E69F5C2D28A6160800AD6634 /* LandmarksList.swift in Sources */,
				E6100B6828A378BE00EF450C /* Landmark.swift in Sources */,
				E6100B7628A3794400EF450C /* FavoriteButton.swift in Sources */,
				E6100B6B28A378BE00EF450C /* ModelData.swift in Sources */,
				E6100B6F28A378BE00EF450C /* LandmarkRow.swift in Sources */,
				E6100B7828A3798700EF450C /* LandmarkDetail.swift in Sources */,
				E6100B6C28A378BE00EF450C /* Coordinates.swift in Sources */,
			);
			runOnlyForDeploymentPostprocessing = 0;
		};
		E69F5C0928A4C70600AD6634 /* Sources */ = {
			isa = PBXSourcesBuildPhase;
			buildActionMask = 2147483647;
			files = (
				E69F5C1228A4C70600AD6634 /* ContentView.swift in Sources */,
				E69F5C2F28A61E7D00AD6634 /* LandmarkCommands.swift in Sources */,
				E69F5C2128A4C76C00AD6634 /* LandmarksApp.swift in Sources */,
				E69F5C2028A4C76C00AD6634 /* LandmarkList.swift in Sources */,
				E69F5C1E28A4C76C00AD6634 /* CircleImage.swift in Sources */,
				E69F5C3228A6245000AD6634 /* LandmarkSettings.swift in Sources */,
				E69F5C1C28A4C76C00AD6634 /* MapView.swift in Sources */,
				E69F5C2228A4C78500AD6634 /* ModelData.swift in Sources */,
				E69F5C2828A4C78600AD6634 /* Hike.swift in Sources */,
				E69F5C2B28A4C84D00AD6634 /* LandmarkDetail.swift in Sources */,
				E69F5C1F28A4C76C00AD6634 /* FavoriteButton.swift in Sources */,
				E69F5C2728A4C78600AD6634 /* Coordinates.swift in Sources */,
				E69F5C2428A4C78600AD6634 /* Profile.swift in Sources */,
				E69F5C1D28A4C76C00AD6634 /* LandmarkRow.swift in Sources */,
				E69F5C2528A4C78600AD6634 /* Landmark.swift in Sources */,
			);
			runOnlyForDeploymentPostprocessing = 0;
		};
/* End PBXSourcesBuildPhase section */

/* Begin PBXTargetDependency section */
		E67DF65128A2320E00EDE3CD /* PBXTargetDependency */ = {
			isa = PBXTargetDependency;
			target = E67DF64D28A2320E00EDE3CD /* WatchLandmarks WatchKit Extension */;
			targetProxy = E67DF65028A2320E00EDE3CD /* PBXContainerItemProxy */;
		};
		E67DF66528A2320F00EDE3CD /* PBXTargetDependency */ = {
			isa = PBXTargetDependency;
			target = E67DF64528A2320C00EDE3CD /* WatchLandmarks */;
			targetProxy = E67DF66428A2320F00EDE3CD /* PBXContainerItemProxy */;
		};
/* End PBXTargetDependency section */

/* Begin XCBuildConfiguration section */
		E6091FCD2894FE3200ADD99D /* Debug */ = {
			isa = XCBuildConfiguration;
			buildSettings = {
				ALWAYS_SEARCH_USER_PATHS = NO;
				CLANG_ANALYZER_NONNULL = YES;
				CLANG_ANALYZER_NUMBER_OBJECT_CONVERSION = YES_AGGRESSIVE;
				CLANG_CXX_LANGUAGE_STANDARD = "gnu++17";
				CLANG_ENABLE_MODULES = YES;
				CLANG_ENABLE_OBJC_ARC = YES;
				CLANG_ENABLE_OBJC_WEAK = YES;
				CLANG_WARN_BLOCK_CAPTURE_AUTORELEASING = YES;
				CLANG_WARN_BOOL_CONVERSION = YES;
				CLANG_WARN_COMMA = YES;
				CLANG_WARN_CONSTANT_CONVERSION = YES;
				CLANG_WARN_DEPRECATED_OBJC_IMPLEMENTATIONS = YES;
				CLANG_WARN_DIRECT_OBJC_ISA_USAGE = YES_ERROR;
				CLANG_WARN_DOCUMENTATION_COMMENTS = YES;
				CLANG_WARN_EMPTY_BODY = YES;
				CLANG_WARN_ENUM_CONVERSION = YES;
				CLANG_WARN_INFINITE_RECURSION = YES;
				CLANG_WARN_INT_CONVERSION = YES;
				CLANG_WARN_NON_LITERAL_NULL_CONVERSION = YES;
				CLANG_WARN_OBJC_IMPLICIT_RETAIN_SELF = YES;
				CLANG_WARN_OBJC_LITERAL_CONVERSION = YES;
				CLANG_WARN_OBJC_ROOT_CLASS = YES_ERROR;
				CLANG_WARN_QUOTED_INCLUDE_IN_FRAMEWORK_HEADER = YES;
				CLANG_WARN_RANGE_LOOP_ANALYSIS = YES;
				CLANG_WARN_STRICT_PROTOTYPES = YES;
				CLANG_WARN_SUSPICIOUS_MOVE = YES;
				CLANG_WARN_UNGUARDED_AVAILABILITY = YES_AGGRESSIVE;
				CLANG_WARN_UNREACHABLE_CODE = YES;
				CLANG_WARN__DUPLICATE_METHOD_MATCH = YES;
				COPY_PHASE_STRIP = NO;
				DEBUG_INFORMATION_FORMAT = dwarf;
				ENABLE_STRICT_OBJC_MSGSEND = YES;
				ENABLE_TESTABILITY = YES;
				GCC_C_LANGUAGE_STANDARD = gnu11;
				GCC_DYNAMIC_NO_PIC = NO;
				GCC_NO_COMMON_BLOCKS = YES;
				GCC_OPTIMIZATION_LEVEL = 0;
				GCC_PREPROCESSOR_DEFINITIONS = (
					"DEBUG=1",
					"$(inherited)",
				);
				GCC_WARN_64_TO_32_BIT_CONVERSION = YES;
				GCC_WARN_ABOUT_RETURN_TYPE = YES_ERROR;
				GCC_WARN_UNDECLARED_SELECTOR = YES;
				GCC_WARN_UNINITIALIZED_AUTOS = YES_AGGRESSIVE;
				GCC_WARN_UNUSED_FUNCTION = YES;
				GCC_WARN_UNUSED_VARIABLE = YES;
				IPHONEOS_DEPLOYMENT_TARGET = 15.5;
				MTL_ENABLE_DEBUG_INFO = INCLUDE_SOURCE;
				MTL_FAST_MATH = YES;
				ONLY_ACTIVE_ARCH = YES;
				SDKROOT = iphoneos;
				SWIFT_ACTIVE_COMPILATION_CONDITIONS = DEBUG;
				SWIFT_OPTIMIZATION_LEVEL = "-Onone";
			};
			name = Debug;
		};
		E6091FCE2894FE3200ADD99D /* Release */ = {
			isa = XCBuildConfiguration;
			buildSettings = {
				ALWAYS_SEARCH_USER_PATHS = NO;
				CLANG_ANALYZER_NONNULL = YES;
				CLANG_ANALYZER_NUMBER_OBJECT_CONVERSION = YES_AGGRESSIVE;
				CLANG_CXX_LANGUAGE_STANDARD = "gnu++17";
				CLANG_ENABLE_MODULES = YES;
				CLANG_ENABLE_OBJC_ARC = YES;
				CLANG_ENABLE_OBJC_WEAK = YES;
				CLANG_WARN_BLOCK_CAPTURE_AUTORELEASING = YES;
				CLANG_WARN_BOOL_CONVERSION = YES;
				CLANG_WARN_COMMA = YES;
				CLANG_WARN_CONSTANT_CONVERSION = YES;
				CLANG_WARN_DEPRECATED_OBJC_IMPLEMENTATIONS = YES;
				CLANG_WARN_DIRECT_OBJC_ISA_USAGE = YES_ERROR;
				CLANG_WARN_DOCUMENTATION_COMMENTS = YES;
				CLANG_WARN_EMPTY_BODY = YES;
				CLANG_WARN_ENUM_CONVERSION = YES;
				CLANG_WARN_INFINITE_RECURSION = YES;
				CLANG_WARN_INT_CONVERSION = YES;
				CLANG_WARN_NON_LITERAL_NULL_CONVERSION = YES;
				CLANG_WARN_OBJC_IMPLICIT_RETAIN_SELF = YES;
				CLANG_WARN_OBJC_LITERAL_CONVERSION = YES;
				CLANG_WARN_OBJC_ROOT_CLASS = YES_ERROR;
				CLANG_WARN_QUOTED_INCLUDE_IN_FRAMEWORK_HEADER = YES;
				CLANG_WARN_RANGE_LOOP_ANALYSIS = YES;
				CLANG_WARN_STRICT_PROTOTYPES = YES;
				CLANG_WARN_SUSPICIOUS_MOVE = YES;
				CLANG_WARN_UNGUARDED_AVAILABILITY = YES_AGGRESSIVE;
				CLANG_WARN_UNREACHABLE_CODE = YES;
				CLANG_WARN__DUPLICATE_METHOD_MATCH = YES;
				COPY_PHASE_STRIP = NO;
				DEBUG_INFORMATION_FORMAT = "dwarf-with-dsym";
				ENABLE_NS_ASSERTIONS = NO;
				ENABLE_STRICT_OBJC_MSGSEND = YES;
				GCC_C_LANGUAGE_STANDARD = gnu11;
				GCC_NO_COMMON_BLOCKS = YES;
				GCC_WARN_64_TO_32_BIT_CONVERSION = YES;
				GCC_WARN_ABOUT_RETURN_TYPE = YES_ERROR;
				GCC_WARN_UNDECLARED_SELECTOR = YES;
				GCC_WARN_UNINITIALIZED_AUTOS = YES_AGGRESSIVE;
				GCC_WARN_UNUSED_FUNCTION = YES;
				GCC_WARN_UNUSED_VARIABLE = YES;
				IPHONEOS_DEPLOYMENT_TARGET = 15.5;
				MTL_ENABLE_DEBUG_INFO = NO;
				MTL_FAST_MATH = YES;
				SDKROOT = iphoneos;
				SWIFT_COMPILATION_MODE = wholemodule;
				SWIFT_OPTIMIZATION_LEVEL = "-O";
				VALIDATE_PRODUCT = YES;
			};
			name = Release;
		};
		E6091FD02894FE3200ADD99D /* Debug */ = {
			isa = XCBuildConfiguration;
			buildSettings = {
				ASSETCATALOG_COMPILER_APPICON_NAME = AppIcon;
				ASSETCATALOG_COMPILER_GLOBAL_ACCENT_COLOR_NAME = AccentColor;
				CODE_SIGN_STYLE = Automatic;
				CURRENT_PROJECT_VERSION = 1;
				DEVELOPMENT_ASSET_PATHS = "\"Landmarks/Preview Content\"";
				DEVELOPMENT_TEAM = JLPE2XFURG;
				ENABLE_PREVIEWS = YES;
				GENERATE_INFOPLIST_FILE = YES;
				INFOPLIST_KEY_UIApplicationSceneManifest_Generation = YES;
				INFOPLIST_KEY_UIApplicationSupportsIndirectInputEvents = YES;
				INFOPLIST_KEY_UILaunchScreen_Generation = YES;
				INFOPLIST_KEY_UISupportedInterfaceOrientations_iPad = "UIInterfaceOrientationPortrait UIInterfaceOrientationPortraitUpsideDown UIInterfaceOrientationLandscapeLeft UIInterfaceOrientationLandscapeRight";
				INFOPLIST_KEY_UISupportedInterfaceOrientations_iPhone = "UIInterfaceOrientationPortrait UIInterfaceOrientationLandscapeLeft UIInterfaceOrientationLandscapeRight";
				LD_RUNPATH_SEARCH_PATHS = (
					"$(inherited)",
					"@executable_path/Frameworks",
				);
				MARKETING_VERSION = 1.0;
				PRODUCT_BUNDLE_IDENTIFIER = com.chrishand.Landmarks;
				PRODUCT_NAME = "$(TARGET_NAME)";
				SWIFT_EMIT_LOC_STRINGS = YES;
				SWIFT_VERSION = 5.0;
				TARGETED_DEVICE_FAMILY = "1,2";
			};
			name = Debug;
		};
		E6091FD12894FE3200ADD99D /* Release */ = {
			isa = XCBuildConfiguration;
			buildSettings = {
				ASSETCATALOG_COMPILER_APPICON_NAME = AppIcon;
				ASSETCATALOG_COMPILER_GLOBAL_ACCENT_COLOR_NAME = AccentColor;
				CODE_SIGN_STYLE = Automatic;
				CURRENT_PROJECT_VERSION = 1;
				DEVELOPMENT_ASSET_PATHS = "\"Landmarks/Preview Content\"";
				DEVELOPMENT_TEAM = JLPE2XFURG;
				ENABLE_PREVIEWS = YES;
				GENERATE_INFOPLIST_FILE = YES;
				INFOPLIST_KEY_UIApplicationSceneManifest_Generation = YES;
				INFOPLIST_KEY_UIApplicationSupportsIndirectInputEvents = YES;
				INFOPLIST_KEY_UILaunchScreen_Generation = YES;
				INFOPLIST_KEY_UISupportedInterfaceOrientations_iPad = "UIInterfaceOrientationPortrait UIInterfaceOrientationPortraitUpsideDown UIInterfaceOrientationLandscapeLeft UIInterfaceOrientationLandscapeRight";
				INFOPLIST_KEY_UISupportedInterfaceOrientations_iPhone = "UIInterfaceOrientationPortrait UIInterfaceOrientationLandscapeLeft UIInterfaceOrientationLandscapeRight";
				LD_RUNPATH_SEARCH_PATHS = (
					"$(inherited)",
					"@executable_path/Frameworks",
				);
				MARKETING_VERSION = 1.0;
				PRODUCT_BUNDLE_IDENTIFIER = com.chrishand.Landmarks;
				PRODUCT_NAME = "$(TARGET_NAME)";
				SWIFT_EMIT_LOC_STRINGS = YES;
				SWIFT_VERSION = 5.0;
				TARGETED_DEVICE_FAMILY = "1,2";
			};
			name = Release;
		};
		E67DF66828A2320F00EDE3CD /* Debug */ = {
			isa = XCBuildConfiguration;
			buildSettings = {
				ALWAYS_EMBED_SWIFT_STANDARD_LIBRARIES = YES;
				ASSETCATALOG_COMPILER_APPICON_NAME = AppIcon;
				ASSETCATALOG_COMPILER_GLOBAL_ACCENT_COLOR_NAME = AccentColor;
				CODE_SIGN_STYLE = Automatic;
				CURRENT_PROJECT_VERSION = 1;
				DEVELOPMENT_TEAM = JLPE2XFURG;
				GENERATE_INFOPLIST_FILE = YES;
				IBSC_MODULE = WatchLandmarks_WatchKit_Extension;
				INFOPLIST_KEY_CFBundleDisplayName = WatchLandmarks;
				INFOPLIST_KEY_UISupportedInterfaceOrientations = "UIInterfaceOrientationPortrait UIInterfaceOrientationPortraitUpsideDown";
				INFOPLIST_KEY_WKCompanionAppBundleIdentifier = com.chrishand.Landmarks;
				MARKETING_VERSION = 1.0;
				PRODUCT_BUNDLE_IDENTIFIER = com.chrishand.Landmarks.watchkitapp;
				PRODUCT_NAME = "$(TARGET_NAME)";
				SDKROOT = watchos;
				SKIP_INSTALL = YES;
				SWIFT_EMIT_LOC_STRINGS = YES;
				SWIFT_VERSION = 5.0;
				TARGETED_DEVICE_FAMILY = 4;
				WATCHOS_DEPLOYMENT_TARGET = 8.5;
			};
			name = Debug;
		};
		E67DF66928A2320F00EDE3CD /* Release */ = {
			isa = XCBuildConfiguration;
			buildSettings = {
				ALWAYS_EMBED_SWIFT_STANDARD_LIBRARIES = YES;
				ASSETCATALOG_COMPILER_APPICON_NAME = AppIcon;
				ASSETCATALOG_COMPILER_GLOBAL_ACCENT_COLOR_NAME = AccentColor;
				CODE_SIGN_STYLE = Automatic;
				CURRENT_PROJECT_VERSION = 1;
				DEVELOPMENT_TEAM = JLPE2XFURG;
				GENERATE_INFOPLIST_FILE = YES;
				IBSC_MODULE = WatchLandmarks_WatchKit_Extension;
				INFOPLIST_KEY_CFBundleDisplayName = WatchLandmarks;
				INFOPLIST_KEY_UISupportedInterfaceOrientations = "UIInterfaceOrientationPortrait UIInterfaceOrientationPortraitUpsideDown";
				INFOPLIST_KEY_WKCompanionAppBundleIdentifier = com.chrishand.Landmarks;
				MARKETING_VERSION = 1.0;
				PRODUCT_BUNDLE_IDENTIFIER = com.chrishand.Landmarks.watchkitapp;
				PRODUCT_NAME = "$(TARGET_NAME)";
				SDKROOT = watchos;
				SKIP_INSTALL = YES;
				SWIFT_EMIT_LOC_STRINGS = YES;
				SWIFT_VERSION = 5.0;
				TARGETED_DEVICE_FAMILY = 4;
				WATCHOS_DEPLOYMENT_TARGET = 8.5;
			};
			name = Release;
		};
		E67DF66B28A2320F00EDE3CD /* Debug */ = {
			isa = XCBuildConfiguration;
			buildSettings = {
				ASSETCATALOG_COMPILER_COMPLICATION_NAME = Complication;
				CODE_SIGN_STYLE = Automatic;
				CURRENT_PROJECT_VERSION = 1;
				DEVELOPMENT_ASSET_PATHS = "\"WatchLandmarks WatchKit Extension/Preview Content\"";
				DEVELOPMENT_TEAM = JLPE2XFURG;
				ENABLE_PREVIEWS = YES;
				GENERATE_INFOPLIST_FILE = YES;
				INFOPLIST_FILE = "WatchLandmarks WatchKit Extension/Info.plist";
				INFOPLIST_KEY_CFBundleDisplayName = "WatchLandmarks WatchKit Extension";
				INFOPLIST_KEY_CLKComplicationPrincipalClass = WatchLandmarks_WatchKit_Extension.ComplicationController;
				INFOPLIST_KEY_NSHumanReadableCopyright = "";
				INFOPLIST_KEY_WKRunsIndependentlyOfCompanionApp = YES;
				LD_RUNPATH_SEARCH_PATHS = (
					"$(inherited)",
					"@executable_path/Frameworks",
					"@executable_path/../../Frameworks",
				);
				MARKETING_VERSION = 1.0;
				PRODUCT_BUNDLE_IDENTIFIER = com.chrishand.Landmarks.watchkitapp.watchkitextension;
				PRODUCT_NAME = "${TARGET_NAME}";
				SDKROOT = watchos;
				SKIP_INSTALL = YES;
				SWIFT_EMIT_LOC_STRINGS = YES;
				SWIFT_VERSION = 5.0;
				TARGETED_DEVICE_FAMILY = 4;
				WATCHOS_DEPLOYMENT_TARGET = 8.5;
			};
			name = Debug;
		};
		E67DF66C28A2320F00EDE3CD /* Release */ = {
			isa = XCBuildConfiguration;
			buildSettings = {
				ASSETCATALOG_COMPILER_COMPLICATION_NAME = Complication;
				CODE_SIGN_STYLE = Automatic;
				CURRENT_PROJECT_VERSION = 1;
				DEVELOPMENT_ASSET_PATHS = "\"WatchLandmarks WatchKit Extension/Preview Content\"";
				DEVELOPMENT_TEAM = JLPE2XFURG;
				ENABLE_PREVIEWS = YES;
				GENERATE_INFOPLIST_FILE = YES;
				INFOPLIST_FILE = "WatchLandmarks WatchKit Extension/Info.plist";
				INFOPLIST_KEY_CFBundleDisplayName = "WatchLandmarks WatchKit Extension";
				INFOPLIST_KEY_CLKComplicationPrincipalClass = WatchLandmarks_WatchKit_Extension.ComplicationController;
				INFOPLIST_KEY_NSHumanReadableCopyright = "";
				INFOPLIST_KEY_WKRunsIndependentlyOfCompanionApp = YES;
				LD_RUNPATH_SEARCH_PATHS = (
					"$(inherited)",
					"@executable_path/Frameworks",
					"@executable_path/../../Frameworks",
				);
				MARKETING_VERSION = 1.0;
				PRODUCT_BUNDLE_IDENTIFIER = com.chrishand.Landmarks.watchkitapp.watchkitextension;
				PRODUCT_NAME = "${TARGET_NAME}";
				SDKROOT = watchos;
				SKIP_INSTALL = YES;
				SWIFT_EMIT_LOC_STRINGS = YES;
				SWIFT_VERSION = 5.0;
				TARGETED_DEVICE_FAMILY = 4;
				WATCHOS_DEPLOYMENT_TARGET = 8.5;
			};
			name = Release;
		};
		E69F5C1928A4C70900AD6634 /* Debug */ = {
			isa = XCBuildConfiguration;
			buildSettings = {
				ASSETCATALOG_COMPILER_APPICON_NAME = AppIcon;
				ASSETCATALOG_COMPILER_GLOBAL_ACCENT_COLOR_NAME = AccentColor;
				CODE_SIGN_ENTITLEMENTS = MacLandmarks/MacLandmarks.entitlements;
				CODE_SIGN_STYLE = Automatic;
				COMBINE_HIDPI_IMAGES = YES;
				CURRENT_PROJECT_VERSION = 1;
				DEVELOPMENT_ASSET_PATHS = "\"MacLandmarks/Preview Content\"";
				DEVELOPMENT_TEAM = JLPE2XFURG;
				ENABLE_HARDENED_RUNTIME = YES;
				ENABLE_PREVIEWS = YES;
				GENERATE_INFOPLIST_FILE = YES;
				INFOPLIST_KEY_NSHumanReadableCopyright = "";
				LD_RUNPATH_SEARCH_PATHS = (
					"$(inherited)",
					"@executable_path/../Frameworks",
				);
				MACOSX_DEPLOYMENT_TARGET = 12.3;
				MARKETING_VERSION = 1.0;
				PRODUCT_BUNDLE_IDENTIFIER = com.chrishand.MacLandmarks;
				PRODUCT_NAME = "$(TARGET_NAME)";
				SDKROOT = macosx;
				SWIFT_EMIT_LOC_STRINGS = YES;
				SWIFT_VERSION = 5.0;
			};
			name = Debug;
		};
		E69F5C1A28A4C70900AD6634 /* Release */ = {
			isa = XCBuildConfiguration;
			buildSettings = {
				ASSETCATALOG_COMPILER_APPICON_NAME = AppIcon;
				ASSETCATALOG_COMPILER_GLOBAL_ACCENT_COLOR_NAME = AccentColor;
				CODE_SIGN_ENTITLEMENTS = MacLandmarks/MacLandmarks.entitlements;
				CODE_SIGN_STYLE = Automatic;
				COMBINE_HIDPI_IMAGES = YES;
				CURRENT_PROJECT_VERSION = 1;
				DEVELOPMENT_ASSET_PATHS = "\"MacLandmarks/Preview Content\"";
				DEVELOPMENT_TEAM = JLPE2XFURG;
				ENABLE_HARDENED_RUNTIME = YES;
				ENABLE_PREVIEWS = YES;
				GENERATE_INFOPLIST_FILE = YES;
				INFOPLIST_KEY_NSHumanReadableCopyright = "";
				LD_RUNPATH_SEARCH_PATHS = (
					"$(inherited)",
					"@executable_path/../Frameworks",
				);
				MACOSX_DEPLOYMENT_TARGET = 12.3;
				MARKETING_VERSION = 1.0;
				PRODUCT_BUNDLE_IDENTIFIER = com.chrishand.MacLandmarks;
				PRODUCT_NAME = "$(TARGET_NAME)";
				SDKROOT = macosx;
				SWIFT_EMIT_LOC_STRINGS = YES;
				SWIFT_VERSION = 5.0;
			};
			name = Release;
		};
/* End XCBuildConfiguration section */

/* Begin XCConfigurationList section */
		E6091FBC2894FE2E00ADD99D /* Build configuration list for PBXProject "Landmarks" */ = {
			isa = XCConfigurationList;
			buildConfigurations = (
				E6091FCD2894FE3200ADD99D /* Debug */,
				E6091FCE2894FE3200ADD99D /* Release */,
			);
			defaultConfigurationIsVisible = 0;
			defaultConfigurationName = Release;
		};
		E6091FCF2894FE3200ADD99D /* Build configuration list for PBXNativeTarget "Landmarks" */ = {
			isa = XCConfigurationList;
			buildConfigurations = (
				E6091FD02894FE3200ADD99D /* Debug */,
				E6091FD12894FE3200ADD99D /* Release */,
			);
			defaultConfigurationIsVisible = 0;
			defaultConfigurationName = Release;
		};
		E67DF66D28A2320F00EDE3CD /* Build configuration list for PBXNativeTarget "WatchLandmarks WatchKit Extension" */ = {
			isa = XCConfigurationList;
			buildConfigurations = (
				E67DF66B28A2320F00EDE3CD /* Debug */,
				E67DF66C28A2320F00EDE3CD /* Release */,
			);
			defaultConfigurationIsVisible = 0;
			defaultConfigurationName = Release;
		};
		E67DF66E28A2320F00EDE3CD /* Build configuration list for PBXNativeTarget "WatchLandmarks" */ = {
			isa = XCConfigurationList;
			buildConfigurations = (
				E67DF66828A2320F00EDE3CD /* Debug */,
				E67DF66928A2320F00EDE3CD /* Release */,
			);
			defaultConfigurationIsVisible = 0;
			defaultConfigurationName = Release;
		};
		E69F5C1B28A4C70900AD6634 /* Build configuration list for PBXNativeTarget "MacLandmarks" */ = {
			isa = XCConfigurationList;
			buildConfigurations = (
				E69F5C1928A4C70900AD6634 /* Debug */,
				E69F5C1A28A4C70900AD6634 /* Release */,
			);
			defaultConfigurationIsVisible = 0;
			defaultConfigurationName = Release;
		};
/* End XCConfigurationList section */
	};
	rootObject = E6091FB92894FE2E00ADD99D /* Project object */;
}
